PODS:
  - Alamofire (4.0.1)
  - BKMoneyKit (0.0.10)
  - Eureka (2.0.0-beta.1)
  - EurekaCreditCard (0.2.0):
    - BKMoneyKit
    - Eureka
  - SimpleVisa (0.0.2)
  - SwiftyJSON (3.1.1)

DEPENDENCIES:
  - Alamofire
  - Eureka (~> 2.0.0-beta.1)
  - EurekaCreditCard (from `https://github.com/demetrio812/EurekaCreditCard.git`, branch `Swift3`)
  - SimpleVisa (from `https://github.com/simplevisa/simplevisa-ios-sdk.git`, branch `master`)
  - SwiftyJSON

EXTERNAL SOURCES:
  EurekaCreditCard:
    :branch: Swift3
    :git: https://github.com/demetrio812/EurekaCreditCard.git
  SimpleVisa:
    :branch: master
    :git: https://github.com/simplevisa/simplevisa-ios-sdk.git

CHECKOUT OPTIONS:
  EurekaCreditCard:
    :commit: 8c7cc777a20f93ffca00d5b6e166bf67806d6fc5
    :git: https://github.com/demetrio812/EurekaCreditCard.git
  SimpleVisa:
    :commit: 85d67729ce104ab4575819f4dc4cf9826015b420
    :git: https://github.com/simplevisa/simplevisa-ios-sdk.git

SPEC CHECKSUMS:
  Alamofire: 7682d43245de14874acd142ec137b144aa1dd335
  BKMoneyKit: c82735f879bbe83353d1227691dba88980a725af
  Eureka: d014adf16406745e1a78d5790ea37ed130a0a8e5
  EurekaCreditCard: c9d0ca068806ffb1e9e519b93f9559840aa37457
  SimpleVisa: bbef0d14ec7e1d658715c4bed365acc034f12ce5
  SwiftyJSON: f0be2e604f83e8405a624e9f891898bf6ed4e019

PODFILE CHECKSUM: 5c44bbf2d09aff8784eb7a5b5f0b47ebc9603d90

COCOAPODS: 1.1.0.rc.3
