// !$*UTF8*$!
{
	archiveVersion = 1;
	classes = {
	};
	objectVersion = 46;
	objects = {

/* Begin PBXBuildFile section */
		75D1ABE0850F46875C36BC5D /* Pods_AirBerlin_SimpleVisa.framework in Frameworks */ = {isa = PBXBuildFile; fileRef = E797335451D9ED81FB4CD459 /* Pods_AirBerlin_SimpleVisa.framework */; };
		AB1EDE6D1DB6A31500307EA9 /* AppDelegate.swift in Sources */ = {isa = PBXBuildFile; fileRef = AB1EDE6C1DB6A31500307EA9 /* AppDelegate.swift */; };
		AB1EDE6F1DB6A31500307EA9 /* MainViewController.swift in Sources */ = {isa = PBXBuildFile; fileRef = AB1EDE6E1DB6A31500307EA9 /* MainViewController.swift */; };
		AB1EDE721DB6A31500307EA9 /* Main.storyboard in Resources */ = {isa = PBXBuildFile; fileRef = AB1EDE701DB6A31500307EA9 /* Main.storyboard */; };
		AB1EDE771DB6A31500307EA9 /* Assets.xcassets in Resources */ = {isa = PBXBuildFile; fileRef = AB1EDE761DB6A31500307EA9 /* Assets.xcassets */; };
		AB1EDE7A1DB6A31500307EA9 /* LaunchScreen.storyboard in Resources */ = {isa = PBXBuildFile; fileRef = AB1EDE781DB6A31500307EA9 /* LaunchScreen.storyboard */; };
		AB40ED291DD6360F00CB5AF7 /* ABFlightSegment.swift in Sources */ = {isa = PBXBuildFile; fileRef = AB40ED281DD6360F00CB5AF7 /* ABFlightSegment.swift */; };
		AB40ED2C1DD6364D00CB5AF7 /* ABCustomerAddress.swift in Sources */ = {isa = PBXBuildFile; fileRef = AB40ED2B1DD6364D00CB5AF7 /* ABCustomerAddress.swift */; };
		AB40ED2E1DD6367200CB5AF7 /* ABCreditCard.swift in Sources */ = {isa = PBXBuildFile; fileRef = AB40ED2D1DD6367200CB5AF7 /* ABCreditCard.swift */; };
		AB40ED301DD636A200CB5AF7 /* ABPassenger.swift in Sources */ = {isa = PBXBuildFile; fileRef = AB40ED2F1DD636A200CB5AF7 /* ABPassenger.swift */; };
		AB40ED321DD636B400CB5AF7 /* ABBooking.swift in Sources */ = {isa = PBXBuildFile; fileRef = AB40ED311DD636B400CB5AF7 /* ABBooking.swift */; };
		AB40ED361DD6444000CB5AF7 /* TripViewController.swift in Sources */ = {isa = PBXBuildFile; fileRef = AB40ED351DD6444000CB5AF7 /* TripViewController.swift */; };
		AB40ED391DD6456100CB5AF7 /* PassengerViewController.swift in Sources */ = {isa = PBXBuildFile; fileRef = AB40ED381DD6456100CB5AF7 /* PassengerViewController.swift */; };
		AB40ED3B1DD645A500CB5AF7 /* PaymentViewController.swift in Sources */ = {isa = PBXBuildFile; fileRef = AB40ED3A1DD645A500CB5AF7 /* PaymentViewController.swift */; };
		AB40ED3D1DD64A9800CB5AF7 /* ConfirmationViewController.swift in Sources */ = {isa = PBXBuildFile; fileRef = AB40ED3C1DD64A9800CB5AF7 /* ConfirmationViewController.swift */; };
/* End PBXBuildFile section */

/* Begin PBXFileReference section */
		02EE73B6F14DF0C6F13AFFCB /* Pods-AirBerlin-SimpleVisa.release.xcconfig */ = {isa = PBXFileReference; includeInIndex = 1; lastKnownFileType = text.xcconfig; name = "Pods-AirBerlin-SimpleVisa.release.xcconfig"; path = "Pods/Target Support Files/Pods-AirBerlin-SimpleVisa/Pods-AirBerlin-SimpleVisa.release.xcconfig"; sourceTree = "<group>"; };
		AB1EDE691DB6A31500307EA9 /* AirBerlin-SimpleVisa.app */ = {isa = PBXFileReference; explicitFileType = wrapper.application; includeInIndex = 0; path = "AirBerlin-SimpleVisa.app"; sourceTree = BUILT_PRODUCTS_DIR; };
		AB1EDE6C1DB6A31500307EA9 /* AppDelegate.swift */ = {isa = PBXFileReference; lastKnownFileType = sourcecode.swift; path = AppDelegate.swift; sourceTree = "<group>"; };
		AB1EDE6E1DB6A31500307EA9 /* MainViewController.swift */ = {isa = PBXFileReference; lastKnownFileType = sourcecode.swift; name = MainViewController.swift; path = ../MainViewController.swift; sourceTree = "<group>"; };
		AB1EDE711DB6A31500307EA9 /* Base */ = {isa = PBXFileReference; lastKnownFileType = file.storyboard; name = Base; path = Base.lproj/Main.storyboard; sourceTree = "<group>"; };
		AB1EDE761DB6A31500307EA9 /* Assets.xcassets */ = {isa = PBXFileReference; lastKnownFileType = folder.assetcatalog; path = Assets.xcassets; sourceTree = "<group>"; };
		AB1EDE791DB6A31500307EA9 /* Base */ = {isa = PBXFileReference; lastKnownFileType = file.storyboard; name = Base; path = Base.lproj/LaunchScreen.storyboard; sourceTree = "<group>"; };
		AB1EDE7B1DB6A31500307EA9 /* Info.plist */ = {isa = PBXFileReference; lastKnownFileType = text.plist.xml; path = Info.plist; sourceTree = "<group>"; };
		AB40ED281DD6360F00CB5AF7 /* ABFlightSegment.swift */ = {isa = PBXFileReference; fileEncoding = 4; lastKnownFileType = sourcecode.swift; path = ABFlightSegment.swift; sourceTree = "<group>"; };
		AB40ED2B1DD6364D00CB5AF7 /* ABCustomerAddress.swift */ = {isa = PBXFileReference; fileEncoding = 4; lastKnownFileType = sourcecode.swift; path = ABCustomerAddress.swift; sourceTree = "<group>"; };
		AB40ED2D1DD6367200CB5AF7 /* ABCreditCard.swift */ = {isa = PBXFileReference; fileEncoding = 4; lastKnownFileType = sourcecode.swift; path = ABCreditCard.swift; sourceTree = "<group>"; };
		AB40ED2F1DD636A200CB5AF7 /* ABPassenger.swift */ = {isa = PBXFileReference; fileEncoding = 4; lastKnownFileType = sourcecode.swift; path = ABPassenger.swift; sourceTree = "<group>"; };
		AB40ED311DD636B400CB5AF7 /* ABBooking.swift */ = {isa = PBXFileReference; fileEncoding = 4; lastKnownFileType = sourcecode.swift; path = ABBooking.swift; sourceTree = "<group>"; };
		AB40ED351DD6444000CB5AF7 /* TripViewController.swift */ = {isa = PBXFileReference; fileEncoding = 4; lastKnownFileType = sourcecode.swift; path = TripViewController.swift; sourceTree = "<group>"; };
		AB40ED381DD6456100CB5AF7 /* PassengerViewController.swift */ = {isa = PBXFileReference; fileEncoding = 4; lastKnownFileType = sourcecode.swift; path = PassengerViewController.swift; sourceTree = "<group>"; };
		AB40ED3A1DD645A500CB5AF7 /* PaymentViewController.swift */ = {isa = PBXFileReference; fileEncoding = 4; lastKnownFileType = sourcecode.swift; path = PaymentViewController.swift; sourceTree = "<group>"; };
		AB40ED3C1DD64A9800CB5AF7 /* ConfirmationViewController.swift */ = {isa = PBXFileReference; fileEncoding = 4; lastKnownFileType = sourcecode.swift; path = ConfirmationViewController.swift; sourceTree = "<group>"; };
		C412FC33B734C7DB88B81D24 /* Pods-AirBerlin-SimpleVisa.debug.xcconfig */ = {isa = PBXFileReference; includeInIndex = 1; lastKnownFileType = text.xcconfig; name = "Pods-AirBerlin-SimpleVisa.debug.xcconfig"; path = "Pods/Target Support Files/Pods-AirBerlin-SimpleVisa/Pods-AirBerlin-SimpleVisa.debug.xcconfig"; sourceTree = "<group>"; };
		E797335451D9ED81FB4CD459 /* Pods_AirBerlin_SimpleVisa.framework */ = {isa = PBXFileReference; explicitFileType = wrapper.framework; includeInIndex = 0; path = Pods_AirBerlin_SimpleVisa.framework; sourceTree = BUILT_PRODUCTS_DIR; };
/* End PBXFileReference section */

/* Begin PBXFrameworksBuildPhase section */
		AB1EDE661DB6A31500307EA9 /* Frameworks */ = {
			isa = PBXFrameworksBuildPhase;
			buildActionMask = 2147483647;
			files = (
				75D1ABE0850F46875C36BC5D /* Pods_AirBerlin_SimpleVisa.framework in Frameworks */,
			);
			runOnlyForDeploymentPostprocessing = 0;
		};
/* End PBXFrameworksBuildPhase section */

/* Begin PBXGroup section */
		05511FB9739ADF6DC04F9F7E /* Pods */ = {
			isa = PBXGroup;
			children = (
				C412FC33B734C7DB88B81D24 /* Pods-AirBerlin-SimpleVisa.debug.xcconfig */,
				02EE73B6F14DF0C6F13AFFCB /* Pods-AirBerlin-SimpleVisa.release.xcconfig */,
			);
			name = Pods;
			sourceTree = "<group>";
		};
		6DC64BA21CBA9543F8713079 /* Frameworks */ = {
			isa = PBXGroup;
			children = (
				E797335451D9ED81FB4CD459 /* Pods_AirBerlin_SimpleVisa.framework */,
			);
			name = Frameworks;
			sourceTree = "<group>";
		};
		AB1EDE601DB6A31500307EA9 = {
			isa = PBXGroup;
			children = (
				AB1EDE6B1DB6A31500307EA9 /* AirBerlin-SimpleVisa */,
				AB1EDE6A1DB6A31500307EA9 /* Products */,
				05511FB9739ADF6DC04F9F7E /* Pods */,
				6DC64BA21CBA9543F8713079 /* Frameworks */,
			);
			sourceTree = "<group>";
		};
		AB1EDE6A1DB6A31500307EA9 /* Products */ = {
			isa = PBXGroup;
			children = (
				AB1EDE691DB6A31500307EA9 /* AirBerlin-SimpleVisa.app */,
			);
			name = Products;
			sourceTree = "<group>";
		};
		AB1EDE6B1DB6A31500307EA9 /* AirBerlin-SimpleVisa */ = {
			isa = PBXGroup;
			children = (
				AB1EDE6C1DB6A31500307EA9 /* AppDelegate.swift */,
				AB1EDE701DB6A31500307EA9 /* Main.storyboard */,
				AB1EDE761DB6A31500307EA9 /* Assets.xcassets */,
				AB1EDE781DB6A31500307EA9 /* LaunchScreen.storyboard */,
				AB1EDE7B1DB6A31500307EA9 /* Info.plist */,
				AB40ED2A1DD6361700CB5AF7 /* Models */,
				AB40ED371DD6444500CB5AF7 /* ViewControllers */,
			);
			path = "AirBerlin-SimpleVisa";
			sourceTree = "<group>";
		};
		AB40ED2A1DD6361700CB5AF7 /* Models */ = {
			isa = PBXGroup;
			children = (
				AB40ED281DD6360F00CB5AF7 /* ABFlightSegment.swift */,
				AB40ED2B1DD6364D00CB5AF7 /* ABCustomerAddress.swift */,
				AB40ED2D1DD6367200CB5AF7 /* ABCreditCard.swift */,
				AB40ED2F1DD636A200CB5AF7 /* ABPassenger.swift */,
				AB40ED311DD636B400CB5AF7 /* ABBooking.swift */,
			);
			path = Models;
			sourceTree = "<group>";
		};
		AB40ED371DD6444500CB5AF7 /* ViewControllers */ = {
			isa = PBXGroup;
			children = (
				AB40ED3A1DD645A500CB5AF7 /* PaymentViewController.swift */,
				AB1EDE6E1DB6A31500307EA9 /* MainViewController.swift */,
				AB40ED351DD6444000CB5AF7 /* TripViewController.swift */,
				AB40ED381DD6456100CB5AF7 /* PassengerViewController.swift */,
				AB40ED3C1DD64A9800CB5AF7 /* ConfirmationViewController.swift */,
			);
			path = ViewControllers;
			sourceTree = "<group>";
		};
/* End PBXGroup section */

/* Begin PBXNativeTarget section */
		AB1EDE681DB6A31500307EA9 /* AirBerlin-SimpleVisa */ = {
			isa = PBXNativeTarget;
			buildConfigurationList = AB1EDE7E1DB6A31500307EA9 /* Build configuration list for PBXNativeTarget "AirBerlin-SimpleVisa" */;
			buildPhases = (
				ABE06ECC8CAC14F219C8B655 /* [CP] Check Pods Manifest.lock */,
				AB1EDE651DB6A31500307EA9 /* Sources */,
				AB1EDE661DB6A31500307EA9 /* Frameworks */,
				AB1EDE671DB6A31500307EA9 /* Resources */,
				9F5AF7ED5E07C3659AA24C27 /* [CP] Embed Pods Frameworks */,
				AABC2D92D7F44267A940CCA5 /* [CP] Copy Pods Resources */,
			);
			buildRules = (
			);
			dependencies = (
			);
			name = "AirBerlin-SimpleVisa";
			productName = "AirBerlin-SimpleVisa";
			productReference = AB1EDE691DB6A31500307EA9 /* AirBerlin-SimpleVisa.app */;
			productType = "com.apple.product-type.application";
		};
/* End PBXNativeTarget section */

/* Begin PBXProject section */
		AB1EDE611DB6A31500307EA9 /* Project object */ = {
			isa = PBXProject;
			attributes = {
				LastSwiftUpdateCheck = 0800;
				LastUpgradeCheck = 0800;
				ORGANIZATIONNAME = "Maz Labs";
				TargetAttributes = {
					AB1EDE681DB6A31500307EA9 = {
						CreatedOnToolsVersion = 8.0;
						DevelopmentTeam = JS9SEB342A;
						ProvisioningStyle = Automatic;
					};
				};
			};
			buildConfigurationList = AB1EDE641DB6A31500307EA9 /* Build configuration list for PBXProject "AirBerlin-SimpleVisa" */;
			compatibilityVersion = "Xcode 3.2";
			developmentRegion = English;
			hasScannedForEncodings = 0;
			knownRegions = (
				en,
				Base,
			);
			mainGroup = AB1EDE601DB6A31500307EA9;
			productRefGroup = AB1EDE6A1DB6A31500307EA9 /* Products */;
			projectDirPath = "";
			projectRoot = "";
			targets = (
				AB1EDE681DB6A31500307EA9 /* AirBerlin-SimpleVisa */,
			);
		};
/* End PBXProject section */

/* Begin PBXResourcesBuildPhase section */
		AB1EDE671DB6A31500307EA9 /* Resources */ = {
			isa = PBXResourcesBuildPhase;
			buildActionMask = 2147483647;
			files = (
				AB1EDE7A1DB6A31500307EA9 /* LaunchScreen.storyboard in Resources */,
				AB1EDE771DB6A31500307EA9 /* Assets.xcassets in Resources */,
				AB1EDE721DB6A31500307EA9 /* Main.storyboard in Resources */,
			);
			runOnlyForDeploymentPostprocessing = 0;
		};
/* End PBXResourcesBuildPhase section */

/* Begin PBXShellScriptBuildPhase section */
		9F5AF7ED5E07C3659AA24C27 /* [CP] Embed Pods Frameworks */ = {
			isa = PBXShellScriptBuildPhase;
			buildActionMask = 2147483647;
			files = (
			);
			inputPaths = (
			);
			name = "[CP] Embed Pods Frameworks";
			outputPaths = (
			);
			runOnlyForDeploymentPostprocessing = 0;
			shellPath = /bin/sh;
			shellScript = "\"${SRCROOT}/Pods/Target Support Files/Pods-AirBerlin-SimpleVisa/Pods-AirBerlin-SimpleVisa-frameworks.sh\"\n";
			showEnvVarsInLog = 0;
		};
		AABC2D92D7F44267A940CCA5 /* [CP] Copy Pods Resources */ = {
			isa = PBXShellScriptBuildPhase;
			buildActionMask = 2147483647;
			files = (
			);
			inputPaths = (
			);
			name = "[CP] Copy Pods Resources";
			outputPaths = (
			);
			runOnlyForDeploymentPostprocessing = 0;
			shellPath = /bin/sh;
			shellScript = "\"${SRCROOT}/Pods/Target Support Files/Pods-AirBerlin-SimpleVisa/Pods-AirBerlin-SimpleVisa-resources.sh\"\n";
			showEnvVarsInLog = 0;
		};
		ABE06ECC8CAC14F219C8B655 /* [CP] Check Pods Manifest.lock */ = {
			isa = PBXShellScriptBuildPhase;
			buildActionMask = 2147483647;
			files = (
			);
			inputPaths = (
			);
			name = "[CP] Check Pods Manifest.lock";
			outputPaths = (
			);
			runOnlyForDeploymentPostprocessing = 0;
			shellPath = /bin/sh;
			shellScript = "diff \"${PODS_ROOT}/../Podfile.lock\" \"${PODS_ROOT}/Manifest.lock\" > /dev/null\nif [ $? != 0 ] ; then\n    # print error to STDERR\n    echo \"error: The sandbox is not in sync with the Podfile.lock. Run 'pod install' or update your CocoaPods installation.\" >&2\n    exit 1\nfi\n";
			showEnvVarsInLog = 0;
		};
/* End PBXShellScriptBuildPhase section */

/* Begin PBXSourcesBuildPhase section */
		AB1EDE651DB6A31500307EA9 /* Sources */ = {
			isa = PBXSourcesBuildPhase;
			buildActionMask = 2147483647;
			files = (
				AB40ED2C1DD6364D00CB5AF7 /* ABCustomerAddress.swift in Sources */,
				AB40ED361DD6444000CB5AF7 /* TripViewController.swift in Sources */,
				AB40ED2E1DD6367200CB5AF7 /* ABCreditCard.swift in Sources */,
				AB40ED321DD636B400CB5AF7 /* ABBooking.swift in Sources */,
				AB40ED3D1DD64A9800CB5AF7 /* ConfirmationViewController.swift in Sources */,
				AB40ED301DD636A200CB5AF7 /* ABPassenger.swift in Sources */,
				AB40ED291DD6360F00CB5AF7 /* ABFlightSegment.swift in Sources */,
				AB40ED391DD6456100CB5AF7 /* PassengerViewController.swift in Sources */,
				AB40ED3B1DD645A500CB5AF7 /* PaymentViewController.swift in Sources */,
				AB1EDE6F1DB6A31500307EA9 /* MainViewController.swift in Sources */,
				AB1EDE6D1DB6A31500307EA9 /* AppDelegate.swift in Sources */,
			);
			runOnlyForDeploymentPostprocessing = 0;
		};
/* End PBXSourcesBuildPhase section */

/* Begin PBXVariantGroup section */
		AB1EDE701DB6A31500307EA9 /* Main.storyboard */ = {
			isa = PBXVariantGroup;
			children = (
				AB1EDE711DB6A31500307EA9 /* Base */,
			);
			name = Main.storyboard;
			sourceTree = "<group>";
		};
		AB1EDE781DB6A31500307EA9 /* LaunchScreen.storyboard */ = {
			isa = PBXVariantGroup;
			children = (
				AB1EDE791DB6A31500307EA9 /* Base */,
			);
			name = LaunchScreen.storyboard;
			sourceTree = "<group>";
		};
/* End PBXVariantGroup section */

/* Begin XCBuildConfiguration section */
		AB1EDE7C1DB6A31500307EA9 /* Debug */ = {
			isa = XCBuildConfiguration;
			buildSettings = {
				ALWAYS_SEARCH_USER_PATHS = NO;
				CLANG_ANALYZER_NONNULL = YES;
				CLANG_CXX_LANGUAGE_STANDARD = "gnu++0x";
				CLANG_CXX_LIBRARY = "libc++";
				CLANG_ENABLE_MODULES = YES;
				CLANG_ENABLE_OBJC_ARC = YES;
				CLANG_WARN_BOOL_CONVERSION = YES;
				CLANG_WARN_CONSTANT_CONVERSION = YES;
				CLANG_WARN_DIRECT_OBJC_ISA_USAGE = YES_ERROR;
				CLANG_WARN_DOCUMENTATION_COMMENTS = YES;
				CLANG_WARN_EMPTY_BODY = YES;
				CLANG_WARN_ENUM_CONVERSION = YES;
				CLANG_WARN_INFINITE_RECURSION = YES;
				CLANG_WARN_INT_CONVERSION = YES;
				CLANG_WARN_OBJC_ROOT_CLASS = YES_ERROR;
				CLANG_WARN_SUSPICIOUS_MOVES = YES;
				CLANG_WARN_UNREACHABLE_CODE = YES;
				CLANG_WARN__DUPLICATE_METHOD_MATCH = YES;
				"CODE_SIGN_IDENTITY[sdk=iphoneos*]" = "iPhone Developer";
				COPY_PHASE_STRIP = NO;
				DEBUG_INFORMATION_FORMAT = dwarf;
				ENABLE_STRICT_OBJC_MSGSEND = YES;
				ENABLE_TESTABILITY = YES;
				GCC_C_LANGUAGE_STANDARD = gnu99;
				GCC_DYNAMIC_NO_PIC = NO;
				GCC_NO_COMMON_BLOCKS = YES;
				GCC_OPTIMIZATION_LEVEL = 0;
				GCC_PREPROCESSOR_DEFINITIONS = (
					"DEBUG=1",
					"$(inherited)",
				);
				GCC_WARN_64_TO_32_BIT_CONVERSION = YES;
				GCC_WARN_ABOUT_RETURN_TYPE = YES_ERROR;
				GCC_WARN_UNDECLARED_SELECTOR = YES;
				GCC_WARN_UNINITIALIZED_AUTOS = YES_AGGRESSIVE;
				GCC_WARN_UNUSED_FUNCTION = YES;
				GCC_WARN_UNUSED_VARIABLE = YES;
				IPHONEOS_DEPLOYMENT_TARGET = 10.0;
				MTL_ENABLE_DEBUG_INFO = YES;
				ONLY_ACTIVE_ARCH = YES;
				SDKROOT = iphoneos;
				SWIFT_ACTIVE_COMPILATION_CONDITIONS = DEBUG;
				SWIFT_OPTIMIZATION_LEVEL = "-Onone";
				TARGETED_DEVICE_FAMILY = "1,2";
			};
			name = Debug;
		};
		AB1EDE7D1DB6A31500307EA9 /* Release */ = {
			isa = XCBuildConfiguration;
			buildSettings = {
				ALWAYS_SEARCH_USER_PATHS = NO;
				CLANG_ANALYZER_NONNULL = YES;
				CLANG_CXX_LANGUAGE_STANDARD = "gnu++0x";
				CLANG_CXX_LIBRARY = "libc++";
				CLANG_ENABLE_MODULES = YES;
				CLANG_ENABLE_OBJC_ARC = YES;
				CLANG_WARN_BOOL_CONVERSION = YES;
				CLANG_WARN_CONSTANT_CONVERSION = YES;
				CLANG_WARN_DIRECT_OBJC_ISA_USAGE = YES_ERROR;
				CLANG_WARN_DOCUMENTATION_COMMENTS = YES;
				CLANG_WARN_EMPTY_BODY = YES;
				CLANG_WARN_ENUM_CONVERSION = YES;
				CLANG_WARN_INFINITE_RECURSION = YES;
				CLANG_WARN_INT_CONVERSION = YES;
				CLANG_WARN_OBJC_ROOT_CLASS = YES_ERROR;
				CLANG_WARN_SUSPICIOUS_MOVES = YES;
				CLANG_WARN_UNREACHABLE_CODE = YES;
				CLANG_WARN__DUPLICATE_METHOD_MATCH = YES;
				"CODE_SIGN_IDENTITY[sdk=iphoneos*]" = "iPhone Developer";
				COPY_PHASE_STRIP = NO;
				DEBUG_INFORMATION_FORMAT = "dwarf-with-dsym";
				ENABLE_NS_ASSERTIONS = NO;
				ENABLE_STRICT_OBJC_MSGSEND = YES;
				GCC_C_LANGUAGE_STANDARD = gnu99;
				GCC_NO_COMMON_BLOCKS = YES;
				GCC_WARN_64_TO_32_BIT_CONVERSION = YES;
				GCC_WARN_ABOUT_RETURN_TYPE = YES_ERROR;
				GCC_WARN_UNDECLARED_SELECTOR = YES;
				GCC_WARN_UNINITIALIZED_AUTOS = YES_AGGRESSIVE;
				GCC_WARN_UNUSED_FUNCTION = YES;
				GCC_WARN_UNUSED_VARIABLE = YES;
				IPHONEOS_DEPLOYMENT_TARGET = 10.0;
				MTL_ENABLE_DEBUG_INFO = NO;
				SDKROOT = iphoneos;
				SWIFT_OPTIMIZATION_LEVEL = "-Owholemodule";
				TARGETED_DEVICE_FAMILY = "1,2";
				VALIDATE_PRODUCT = YES;
			};
			name = Release;
		};
		AB1EDE7F1DB6A31500307EA9 /* Debug */ = {
			isa = XCBuildConfiguration;
			baseConfigurationReference = C412FC33B734C7DB88B81D24 /* Pods-AirBerlin-SimpleVisa.debug.xcconfig */;
			buildSettings = {
				ASSETCATALOG_COMPILER_APPICON_NAME = AppIcon;
				DEVELOPMENT_TEAM = JS9SEB342A;
				INFOPLIST_FILE = "AirBerlin-SimpleVisa/Info.plist";
				LD_RUNPATH_SEARCH_PATHS = "$(inherited) @executable_path/Frameworks";
				PRODUCT_BUNDLE_IDENTIFIER = "com.mazlabs.AirBerlin-SimpleVisa";
				PRODUCT_NAME = "$(TARGET_NAME)";
				SWIFT_VERSION = 3.0;
			};
			name = Debug;
		};
		AB1EDE801DB6A31500307EA9 /* Release */ = {
			isa = XCBuildConfiguration;
			baseConfigurationReference = 02EE73B6F14DF0C6F13AFFCB /* Pods-AirBerlin-SimpleVisa.release.xcconfig */;
			buildSettings = {
				ASSETCATALOG_COMPILER_APPICON_NAME = AppIcon;
				DEVELOPMENT_TEAM = JS9SEB342A;
				INFOPLIST_FILE = "AirBerlin-SimpleVisa/Info.plist";
				LD_RUNPATH_SEARCH_PATHS = "$(inherited) @executable_path/Frameworks";
				PRODUCT_BUNDLE_IDENTIFIER = "com.mazlabs.AirBerlin-SimpleVisa";
				PRODUCT_NAME = "$(TARGET_NAME)";
				SWIFT_VERSION = 3.0;
			};
			name = Release;
		};
/* End XCBuildConfiguration section */

/* Begin XCConfigurationList section */
		AB1EDE641DB6A31500307EA9 /* Build configuration list for PBXProject "AirBerlin-SimpleVisa" */ = {
			isa = XCConfigurationList;
			buildConfigurations = (
				AB1EDE7C1DB6A31500307EA9 /* Debug */,
				AB1EDE7D1DB6A31500307EA9 /* Release */,
			);
			defaultConfigurationIsVisible = 0;
			defaultConfigurationName = Release;
		};
		AB1EDE7E1DB6A31500307EA9 /* Build configuration list for PBXNativeTarget "AirBerlin-SimpleVisa" */ = {
			isa = XCConfigurationList;
			buildConfigurations = (
				AB1EDE7F1DB6A31500307EA9 /* Debug */,
				AB1EDE801DB6A31500307EA9 /* Release */,
			);
			defaultConfigurationIsVisible = 0;
			defaultConfigurationName = Release;
		};
/* End XCConfigurationList section */
	};
	rootObject = AB1EDE611DB6A31500307EA9 /* Project object */;
}
